
Microsoft Visual Studio Solution File, Format Version 12.00
# Visual Studio 14
VisualStudioVersion = 14.0.24720.0
MinimumVisualStudioVersion = 10.0.40219.1
Project("{FAE04EC0-301F-11D3-BF4B-00C04F79EFBC}") = "SerializationUtils", "SerializationUtils\SerializationUtils.csproj", "{4F8361D2-BF2D-47CE-ACB1-661BDAE16026}"
EndProject
Project("{FAE04EC0-301F-11D3-BF4B-00C04F79EFBC}") = "SerializationTestProject", "SerializationTestProject\SerializationTestProject.csproj", "{DB60E4D5-59A1-45B4-8A4E-810C46D521DA}"
EndProject
Global
	GlobalSection(SolutionConfigurationPlatforms) = preSolution
		Debug|Any CPU = Debug|Any CPU
		Release|Any CPU = Release|Any CPU
	EndGlobalSection
	GlobalSection(ProjectConfigurationPlatforms) = postSolution
		{4F8361D2-BF2D-47CE-ACB1-661BDAE16026}.Debug|Any CPU.ActiveCfg = Debug|Any CPU
		{4F8361D2-BF2D-47CE-ACB1-661BDAE16026}.Debug|Any CPU.Build.0 = Debug|Any CPU
		{4F8361D2-BF2D-47CE-ACB1-661BDAE16026}.Release|Any CPU.ActiveCfg = Release|Any CPU
		{4F8361D2-BF2D-47CE-ACB1-661BDAE16026}.Release|Any CPU.Build.0 = Release|Any CPU
		{DB60E4D5-59A1-45B4-8A4E-810C46D521DA}.Debug|Any CPU.ActiveCfg = Debug|Any CPU
		{DB60E4D5-59A1-45B4-8A4E-810C46D521DA}.Debug|Any CPU.Build.0 = Debug|Any CPU
		{DB60E4D5-59A1-45B4-8A4E-810C46D521DA}.Release|Any CPU.ActiveCfg = Release|Any CPU
		{DB60E4D5-59A1-45B4-8A4E-810C46D521DA}.Release|Any CPU.Build.0 = Release|Any CPU
	EndGlobalSection
	GlobalSection(SolutionProperties) = preSolution
		HideSolutionNode = FALSE
	EndGlobalSection
EndGlobal
